
Microsoft Visual Studio Solution File, Format Version 12.00
# Visual Studio Version 17
VisualStudioVersion = 17.0.32112.339
MinimumVisualStudioVersion = 10.0.40219.1
Project("{FAE04EC0-301F-11D3-BF4B-00C04F79EFBC}") = "Game_Roguelike", "Game_Roguelike\Game_Roguelike.csproj", "{A97F0E43-0013-4913-8F1F-2EBEE78EFAC1}"
EndProject
Global
	GlobalSection(SolutionConfigurationPlatforms) = preSolution
		Debug|Any CPU = Debug|Any CPU
		Release|Any CPU = Release|Any CPU
	EndGlobalSection
	GlobalSection(ProjectConfigurationPlatforms) = postSolution
		{A97F0E43-0013-4913-8F1F-2EBEE78EFAC1}.Debug|Any CPU.ActiveCfg = Debug|Any CPU
		{A97F0E43-0013-4913-8F1F-2EBEE78EFAC1}.Debug|Any CPU.Build.0 = Debug|Any CPU
		{A97F0E43-0013-4913-8F1F-2EBEE78EFAC1}.Release|Any CPU.ActiveCfg = Release|Any CPU
		{A97F0E43-0013-4913-8F1F-2EBEE78EFAC1}.Release|Any CPU.Build.0 = Release|Any CPU
	EndGlobalSection
	GlobalSection(SolutionProperties) = preSolution
		HideSolutionNode = FALSE
	EndGlobalSection
	GlobalSection(ExtensibilityGlobals) = postSolution
		SolutionGuid = {DE0AF7D9-4335-435A-90B0-14207F518804}
	EndGlobalSection
EndGlobal
